// !$*UTF8*$!
{
	archiveVersion = 1;
	classes = {
	};
	objectVersion = 56;
	objects = {

/* Begin PBXBuildFile section */
		DECBE17A2C6F9963002ECCAB /* calculatorApp.swift in Sources */ = {isa = PBXBuildFile; fileRef = DECBE1792C6F9963002ECCAB /* calculatorApp.swift */; };
		DECBE17C2C6F9963002ECCAB /* ContentView.swift in Sources */ = {isa = PBXBuildFile; fileRef = DECBE17B2C6F9963002ECCAB /* ContentView.swift */; };
		DECBE17E2C6F9964002ECCAB /* Assets.xcassets in Resources */ = {isa = PBXBuildFile; fileRef = DECBE17D2C6F9964002ECCAB /* Assets.xcassets */; };
		DECBE1812C6F9964002ECCAB /* Preview Assets.xcassets in Resources */ = {isa = PBXBuildFile; fileRef = DECBE1802C6F9964002ECCAB /* Preview Assets.xcassets */; };
		DECBE18B2C6F9964002ECCAB /* calculatorTests.swift in Sources */ = {isa = PBXBuildFile; fileRef = DECBE18A2C6F9964002ECCAB /* calculatorTests.swift */; };
		DECBE1952C6F9964002ECCAB /* calculatorUITests.swift in Sources */ = {isa = PBXBuildFile; fileRef = DECBE1942C6F9964002ECCAB /* calculatorUITests.swift */; };
		DECBE1972C6F9964002ECCAB /* calculatorUITestsLaunchTests.swift in Sources */ = {isa = PBXBuildFile; fileRef = DECBE1962C6F9964002ECCAB /* calculatorUITestsLaunchTests.swift */; };
/* End PBXBuildFile section */

/* Begin PBXContainerItemProxy section */
		DECBE1872C6F9964002ECCAB /* PBXContainerItemProxy */ = {
			isa = PBXContainerItemProxy;
			containerPortal = DECBE16E2C6F9963002ECCAB /* Project object */;
			proxyType = 1;
			remoteGlobalIDString = DECBE1752C6F9963002ECCAB;
			remoteInfo = calculator;
		};
		DECBE1912C6F9964002ECCAB /* PBXContainerItemProxy */ = {
			isa = PBXContainerItemProxy;
			containerPortal = DECBE16E2C6F9963002ECCAB /* Project object */;
			proxyType = 1;
			remoteGlobalIDString = DECBE1752C6F9963002ECCAB;
			remoteInfo = calculator;
		};
/* End PBXContainerItemProxy section */

/* Begin PBXFileReference section */
		DECBE1762C6F9963002ECCAB /* calculator.app */ = {isa = PBXFileReference; explicitFileType = wrapper.application; includeInIndex = 0; path = calculator.app; sourceTree = BUILT_PRODUCTS_DIR; };
		DECBE1792C6F9963002ECCAB /* calculatorApp.swift */ = {isa = PBXFileReference; lastKnownFileType = sourcecode.swift; path = calculatorApp.swift; sourceTree = "<group>"; };
		DECBE17B2C6F9963002ECCAB /* ContentView.swift */ = {isa = PBXFileReference; lastKnownFileType = sourcecode.swift; path = ContentView.swift; sourceTree = "<group>"; };
		DECBE17D2C6F9964002ECCAB /* Assets.xcassets */ = {isa = PBXFileReference; lastKnownFileType = folder.assetcatalog; path = Assets.xcassets; sourceTree = "<group>"; };
		DECBE1802C6F9964002ECCAB /* Preview Assets.xcassets */ = {isa = PBXFileReference; lastKnownFileType = folder.assetcatalog; path = "Preview Assets.xcassets"; sourceTree = "<group>"; };
		DECBE1862C6F9964002ECCAB /* calculatorTests.xctest */ = {isa = PBXFileReference; explicitFileType = wrapper.cfbundle; includeInIndex = 0; path = calculatorTests.xctest; sourceTree = BUILT_PRODUCTS_DIR; };
		DECBE18A2C6F9964002ECCAB /* calculatorTests.swift */ = {isa = PBXFileReference; lastKnownFileType = sourcecode.swift; path = calculatorTests.swift; sourceTree = "<group>"; };
		DECBE1902C6F9964002ECCAB /* calculatorUITests.xctest */ = {isa = PBXFileReference; explicitFileType = wrapper.cfbundle; includeInIndex = 0; path = calculatorUITests.xctest; sourceTree = BUILT_PRODUCTS_DIR; };
		DECBE1942C6F9964002ECCAB /* calculatorUITests.swift */ = {isa = PBXFileReference; lastKnownFileType = sourcecode.swift; path = calculatorUITests.swift; sourceTree = "<group>"; };
		DECBE1962C6F9964002ECCAB /* calculatorUITestsLaunchTests.swift */ = {isa = PBXFileReference; lastKnownFileType = sourcecode.swift; path = calculatorUITestsLaunchTests.swift; sourceTree = "<group>"; };
/* End PBXFileReference section */

/* Begin PBXFrameworksBuildPhase section */
		DECBE1732C6F9963002ECCAB /* Frameworks */ = {
			isa = PBXFrameworksBuildPhase;
			buildActionMask = 2147483647;
			files = (
			);
			runOnlyForDeploymentPostprocessing = 0;
		};
		DECBE1832C6F9964002ECCAB /* Frameworks */ = {
			isa = PBXFrameworksBuildPhase;
			buildActionMask = 2147483647;
			files = (
			);
			runOnlyForDeploymentPostprocessing = 0;
		};
		DECBE18D2C6F9964002ECCAB /* Frameworks */ = {
			isa = PBXFrameworksBuildPhase;
			buildActionMask = 2147483647;
			files = (
			);
			runOnlyForDeploymentPostprocessing = 0;
		};
/* End PBXFrameworksBuildPhase section */

/* Begin PBXGroup section */
		DECBE16D2C6F9963002ECCAB = {
			isa = PBXGroup;
			children = (
				DECBE1782C6F9963002ECCAB /* calculator */,
				DECBE1892C6F9964002ECCAB /* calculatorTests */,
				DECBE1932C6F9964002ECCAB /* calculatorUITests */,
				DECBE1772C6F9963002ECCAB /* Products */,
			);
			sourceTree = "<group>";
		};
		DECBE1772C6F9963002ECCAB /* Products */ = {
			isa = PBXGroup;
			children = (
				DECBE1762C6F9963002ECCAB /* calculator.app */,
				DECBE1862C6F9964002ECCAB /* calculatorTests.xctest */,
				DECBE1902C6F9964002ECCAB /* calculatorUITests.xctest */,
			);
			name = Products;
			sourceTree = "<group>";
		};
		DECBE1782C6F9963002ECCAB /* calculator */ = {
			isa = PBXGroup;
			children = (
				DECBE1792C6F9963002ECCAB /* calculatorApp.swift */,
				DECBE17B2C6F9963002ECCAB /* ContentView.swift */,
				DECBE17D2C6F9964002ECCAB /* Assets.xcassets */,
				DECBE17F2C6F9964002ECCAB /* Preview Content */,
			);
			path = calculator;
			sourceTree = "<group>";
		};
		DECBE17F2C6F9964002ECCAB /* Preview Content */ = {
			isa = PBXGroup;
			children = (
				DECBE1802C6F9964002ECCAB /* Preview Assets.xcassets */,
			);
			path = "Preview Content";
			sourceTree = "<group>";
		};
		DECBE1892C6F9964002ECCAB /* calculatorTests */ = {
			isa = PBXGroup;
			children = (
				DECBE18A2C6F9964002ECCAB /* calculatorTests.swift */,
			);
			path = calculatorTests;
			sourceTree = "<group>";
		};
		DECBE1932C6F9964002ECCAB /* calculatorUITests */ = {
			isa = PBXGroup;
			children = (
				DECBE1942C6F9964002ECCAB /* calculatorUITests.swift */,
				DECBE1962C6F9964002ECCAB /* calculatorUITestsLaunchTests.swift */,
			);
			path = calculatorUITests;
			sourceTree = "<group>";
		};
/* End PBXGroup section */

/* Begin PBXNativeTarget section */
		DECBE1752C6F9963002ECCAB /* calculator */ = {
			isa = PBXNativeTarget;
			buildConfigurationList = DECBE19A2C6F9964002ECCAB /* Build configuration list for PBXNativeTarget "calculator" */;
			buildPhases = (
				DECBE1722C6F9963002ECCAB /* Sources */,
				DECBE1732C6F9963002ECCAB /* Frameworks */,
				DECBE1742C6F9963002ECCAB /* Resources */,
			);
			buildRules = (
			);
			dependencies = (
			);
			name = calculator;
			productName = calculator;
			productReference = DECBE1762C6F9963002ECCAB /* calculator.app */;
			productType = "com.apple.product-type.application";
		};
		DECBE1852C6F9964002ECCAB /* calculatorTests */ = {
			isa = PBXNativeTarget;
			buildConfigurationList = DECBE19D2C6F9964002ECCAB /* Build configuration list for PBXNativeTarget "calculatorTests" */;
			buildPhases = (
				DECBE1822C6F9964002ECCAB /* Sources */,
				DECBE1832C6F9964002ECCAB /* Frameworks */,
				DECBE1842C6F9964002ECCAB /* Resources */,
			);
			buildRules = (
			);
			dependencies = (
				DECBE1882C6F9964002ECCAB /* PBXTargetDependency */,
			);
			name = calculatorTests;
			productName = calculatorTests;
			productReference = DECBE1862C6F9964002ECCAB /* calculatorTests.xctest */;
			productType = "com.apple.product-type.bundle.unit-test";
		};
		DECBE18F2C6F9964002ECCAB /* calculatorUITests */ = {
			isa = PBXNativeTarget;
			buildConfigurationList = DECBE1A02C6F9964002ECCAB /* Build configuration list for PBXNativeTarget "calculatorUITests" */;
			buildPhases = (
				DECBE18C2C6F9964002ECCAB /* Sources */,
				DECBE18D2C6F9964002ECCAB /* Frameworks */,
				DECBE18E2C6F9964002ECCAB /* Resources */,
			);
			buildRules = (
			);
			dependencies = (
				DECBE1922C6F9964002ECCAB /* PBXTargetDependency */,
			);
			name = calculatorUITests;
			productName = calculatorUITests;
			productReference = DECBE1902C6F9964002ECCAB /* calculatorUITests.xctest */;
			productType = "com.apple.product-type.bundle.ui-testing";
		};
/* End PBXNativeTarget section */

/* Begin PBXProject section */
		DECBE16E2C6F9963002ECCAB /* Project object */ = {
			isa = PBXProject;
			attributes = {
				BuildIndependentTargetsInParallel = 1;
				LastSwiftUpdateCheck = 1540;
				LastUpgradeCheck = 1540;
				TargetAttributes = {
					DECBE1752C6F9963002ECCAB = {
						CreatedOnToolsVersion = 15.4;
					};
					DECBE1852C6F9964002ECCAB = {
						CreatedOnToolsVersion = 15.4;
						TestTargetID = DECBE1752C6F9963002ECCAB;
					};
					DECBE18F2C6F9964002ECCAB = {
						CreatedOnToolsVersion = 15.4;
						TestTargetID = DECBE1752C6F9963002ECCAB;
					};
				};
			};
			buildConfigurationList = DECBE1712C6F9963002ECCAB /* Build configuration list for PBXProject "calculator" */;
			compatibilityVersion = "Xcode 14.0";
			developmentRegion = en;
			hasScannedForEncodings = 0;
			knownRegions = (
				en,
				Base,
			);
			mainGroup = DECBE16D2C6F9963002ECCAB;
			productRefGroup = DECBE1772C6F9963002ECCAB /* Products */;
			projectDirPath = "";
			projectRoot = "";
			targets = (
				DECBE1752C6F9963002ECCAB /* calculator */,
				DECBE1852C6F9964002ECCAB /* calculatorTests */,
				DECBE18F2C6F9964002ECCAB /* calculatorUITests */,
			);
		};
/* End PBXProject section */

/* Begin PBXResourcesBuildPhase section */
		DECBE1742C6F9963002ECCAB /* Resources */ = {
			isa = PBXResourcesBuildPhase;
			buildActionMask = 2147483647;
			files = (
				DECBE1812C6F9964002ECCAB /* Preview Assets.xcassets in Resources */,
				DECBE17E2C6F9964002ECCAB /* Assets.xcassets in Resources */,
			);
			runOnlyForDeploymentPostprocessing = 0;
		};
		DECBE1842C6F9964002ECCAB /* Resources */ = {
			isa = PBXResourcesBuildPhase;
			buildActionMask = 2147483647;
			files = (
			);
			runOnlyForDeploymentPostprocessing = 0;
		};
		DECBE18E2C6F9964002ECCAB /* Resources */ = {
			isa = PBXResourcesBuildPhase;
			buildActionMask = 2147483647;
			files = (
			);
			runOnlyForDeploymentPostprocessing = 0;
		};
/* End PBXResourcesBuildPhase section */

/* Begin PBXSourcesBuildPhase section */
		DECBE1722C6F9963002ECCAB /* Sources */ = {
			isa = PBXSourcesBuildPhase;
			buildActionMask = 2147483647;
			files = (
				DECBE17C2C6F9963002ECCAB /* ContentView.swift in Sources */,
				DECBE17A2C6F9963002ECCAB /* calculatorApp.swift in Sources */,
			);
			runOnlyForDeploymentPostprocessing = 0;
		};
		DECBE1822C6F9964002ECCAB /* Sources */ = {
			isa = PBXSourcesBuildPhase;
			buildActionMask = 2147483647;
			files = (
				DECBE18B2C6F9964002ECCAB /* calculatorTests.swift in Sources */,
			);
			runOnlyForDeploymentPostprocessing = 0;
		};
		DECBE18C2C6F9964002ECCAB /* Sources */ = {
			isa = PBXSourcesBuildPhase;
			buildActionMask = 2147483647;
			files = (
				DECBE1972C6F9964002ECCAB /* calculatorUITestsLaunchTests.swift in Sources */,
				DECBE1952C6F9964002ECCAB /* calculatorUITests.swift in Sources */,
			);
			runOnlyForDeploymentPostprocessing = 0;
		};
/* End PBXSourcesBuildPhase section */

/* Begin PBXTargetDependency section */
		DECBE1882C6F9964002ECCAB /* PBXTargetDependency */ = {
			isa = PBXTargetDependency;
			target = DECBE1752C6F9963002ECCAB /* calculator */;
			targetProxy = DECBE1872C6F9964002ECCAB /* PBXContainerItemProxy */;
		};
		DECBE1922C6F9964002ECCAB /* PBXTargetDependency */ = {
			isa = PBXTargetDependency;
			target = DECBE1752C6F9963002ECCAB /* calculator */;
			targetProxy = DECBE1912C6F9964002ECCAB /* PBXContainerItemProxy */;
		};
/* End PBXTargetDependency section */

/* Begin XCBuildConfiguration section */
		DECBE1982C6F9964002ECCAB /* Debug */ = {
			isa = XCBuildConfiguration;
			buildSettings = {
				ALWAYS_SEARCH_USER_PATHS = NO;
				ASSETCATALOG_COMPILER_GENERATE_SWIFT_ASSET_SYMBOL_EXTENSIONS = YES;
				CLANG_ANALYZER_NONNULL = YES;
				CLANG_ANALYZER_NUMBER_OBJECT_CONVERSION = YES_AGGRESSIVE;
				CLANG_CXX_LANGUAGE_STANDARD = "gnu++20";
				CLANG_ENABLE_MODULES = YES;
				CLANG_ENABLE_OBJC_ARC = YES;
				CLANG_ENABLE_OBJC_WEAK = YES;
				CLANG_WARN_BLOCK_CAPTURE_AUTORELEASING = YES;
				CLANG_WARN_BOOL_CONVERSION = YES;
				CLANG_WARN_COMMA = YES;
				CLANG_WARN_CONSTANT_CONVERSION = YES;
				CLANG_WARN_DEPRECATED_OBJC_IMPLEMENTATIONS = YES;
				CLANG_WARN_DIRECT_OBJC_ISA_USAGE = YES_ERROR;
				CLANG_WARN_DOCUMENTATION_COMMENTS = YES;
				CLANG_WARN_EMPTY_BODY = YES;
				CLANG_WARN_ENUM_CONVERSION = YES;
				CLANG_WARN_INFINITE_RECURSION = YES;
				CLANG_WARN_INT_CONVERSION = YES;
				CLANG_WARN_NON_LITERAL_NULL_CONVERSION = YES;
				CLANG_WARN_OBJC_IMPLICIT_RETAIN_SELF = YES;
				CLANG_WARN_OBJC_LITERAL_CONVERSION = YES;
				CLANG_WARN_OBJC_ROOT_CLASS = YES_ERROR;
				CLANG_WARN_QUOTED_INCLUDE_IN_FRAMEWORK_HEADER = YES;
				CLANG_WARN_RANGE_LOOP_ANALYSIS = YES;
				CLANG_WARN_STRICT_PROTOTYPES = YES;
				CLANG_WARN_SUSPICIOUS_MOVE = YES;
				CLANG_WARN_UNGUARDED_AVAILABILITY = YES_AGGRESSIVE;
				CLANG_WARN_UNREACHABLE_CODE = YES;
				CLANG_WARN__DUPLICATE_METHOD_MATCH = YES;
				COPY_PHASE_STRIP = NO;
				DEBUG_INFORMATION_FORMAT = dwarf;
				ENABLE_STRICT_OBJC_MSGSEND = YES;
				ENABLE_TESTABILITY = YES;
				ENABLE_USER_SCRIPT_SANDBOXING = YES;
				GCC_C_LANGUAGE_STANDARD = gnu17;
				GCC_DYNAMIC_NO_PIC = NO;
				GCC_NO_COMMON_BLOCKS = YES;
				GCC_OPTIMIZATION_LEVEL = 0;
				GCC_PREPROCESSOR_DEFINITIONS = (
					"DEBUG=1",
					"$(inherited)",
				);
				GCC_WARN_64_TO_32_BIT_CONVERSION = YES;
				GCC_WARN_ABOUT_RETURN_TYPE = YES_ERROR;
				GCC_WARN_UNDECLARED_SELECTOR = YES;
				GCC_WARN_UNINITIALIZED_AUTOS = YES_AGGRESSIVE;
				GCC_WARN_UNUSED_FUNCTION = YES;
				GCC_WARN_UNUSED_VARIABLE = YES;
				IPHONEOS_DEPLOYMENT_TARGET = 17.5;
				LOCALIZATION_PREFERS_STRING_CATALOGS = YES;
				MTL_ENABLE_DEBUG_INFO = INCLUDE_SOURCE;
				MTL_FAST_MATH = YES;
				ONLY_ACTIVE_ARCH = YES;
				SDKROOT = iphoneos;
				SWIFT_ACTIVE_COMPILATION_CONDITIONS = "DEBUG $(inherited)";
				SWIFT_OPTIMIZATION_LEVEL = "-Onone";
			};
			name = Debug;
		};
		DECBE1992C6F9964002ECCAB /* Release */ = {
			isa = XCBuildConfiguration;
			buildSettings = {
				ALWAYS_SEARCH_USER_PATHS = NO;
				ASSETCATALOG_COMPILER_GENERATE_SWIFT_ASSET_SYMBOL_EXTENSIONS = YES;
				CLANG_ANALYZER_NONNULL = YES;
				CLANG_ANALYZER_NUMBER_OBJECT_CONVERSION = YES_AGGRESSIVE;
				CLANG_CXX_LANGUAGE_STANDARD = "gnu++20";
				CLANG_ENABLE_MODULES = YES;
				CLANG_ENABLE_OBJC_ARC = YES;
				CLANG_ENABLE_OBJC_WEAK = YES;
				CLANG_WARN_BLOCK_CAPTURE_AUTORELEASING = YES;
				CLANG_WARN_BOOL_CONVERSION = YES;
				CLANG_WARN_COMMA = YES;
				CLANG_WARN_CONSTANT_CONVERSION = YES;
				CLANG_WARN_DEPRECATED_OBJC_IMPLEMENTATIONS = YES;
				CLANG_WARN_DIRECT_OBJC_ISA_USAGE = YES_ERROR;
				CLANG_WARN_DOCUMENTATION_COMMENTS = YES;
				CLANG_WARN_EMPTY_BODY = YES;
				CLANG_WARN_ENUM_CONVERSION = YES;
				CLANG_WARN_INFINITE_RECURSION = YES;
				CLANG_WARN_INT_CONVERSION = YES;
				CLANG_WARN_NON_LITERAL_NULL_CONVERSION = YES;
				CLANG_WARN_OBJC_IMPLICIT_RETAIN_SELF = YES;
				CLANG_WARN_OBJC_LITERAL_CONVERSION = YES;
				CLANG_WARN_OBJC_ROOT_CLASS = YES_ERROR;
				CLANG_WARN_QUOTED_INCLUDE_IN_FRAMEWORK_HEADER = YES;
				CLANG_WARN_RANGE_LOOP_ANALYSIS = YES;
				CLANG_WARN_STRICT_PROTOTYPES = YES;
				CLANG_WARN_SUSPICIOUS_MOVE = YES;
				CLANG_WARN_UNGUARDED_AVAILABILITY = YES_AGGRESSIVE;
				CLANG_WARN_UNREACHABLE_CODE = YES;
				CLANG_WARN__DUPLICATE_METHOD_MATCH = YES;
				COPY_PHASE_STRIP = NO;
				DEBUG_INFORMATION_FORMAT = "dwarf-with-dsym";
				ENABLE_NS_ASSERTIONS = NO;
				ENABLE_STRICT_OBJC_MSGSEND = YES;
				ENABLE_USER_SCRIPT_SANDBOXING = YES;
				GCC_C_LANGUAGE_STANDARD = gnu17;
				GCC_NO_COMMON_BLOCKS = YES;
				GCC_WARN_64_TO_32_BIT_CONVERSION = YES;
				GCC_WARN_ABOUT_RETURN_TYPE = YES_ERROR;
				GCC_WARN_UNDECLARED_SELECTOR = YES;
				GCC_WARN_UNINITIALIZED_AUTOS = YES_AGGRESSIVE;
				GCC_WARN_UNUSED_FUNCTION = YES;
				GCC_WARN_UNUSED_VARIABLE = YES;
				IPHONEOS_DEPLOYMENT_TARGET = 17.5;
				LOCALIZATION_PREFERS_STRING_CATALOGS = YES;
				MTL_ENABLE_DEBUG_INFO = NO;
				MTL_FAST_MATH = YES;
				SDKROOT = iphoneos;
				SWIFT_COMPILATION_MODE = wholemodule;
				VALIDATE_PRODUCT = YES;
			};
			name = Release;
		};
		DECBE19B2C6F9964002ECCAB /* Debug */ = {
			isa = XCBuildConfiguration;
			buildSettings = {
				ASSETCATALOG_COMPILER_APPICON_NAME = AppIcon;
				ASSETCATALOG_COMPILER_GLOBAL_ACCENT_COLOR_NAME = AccentColor;
				CODE_SIGN_STYLE = Automatic;
				CURRENT_PROJECT_VERSION = 1;
				DEVELOPMENT_ASSET_PATHS = "\"calculator/Preview Content\"";
				DEVELOPMENT_TEAM = 8VL78N69ZX;
				ENABLE_PREVIEWS = YES;
				GENERATE_INFOPLIST_FILE = YES;
				INFOPLIST_KEY_UIApplicationSceneManifest_Generation = YES;
				INFOPLIST_KEY_UIApplicationSupportsIndirectInputEvents = YES;
				INFOPLIST_KEY_UILaunchScreen_Generation = YES;
				INFOPLIST_KEY_UISupportedInterfaceOrientations_iPad = "UIInterfaceOrientationPortrait UIInterfaceOrientationPortraitUpsideDown UIInterfaceOrientationLandscapeLeft UIInterfaceOrientationLandscapeRight";
				INFOPLIST_KEY_UISupportedInterfaceOrientations_iPhone = "UIInterfaceOrientationPortrait UIInterfaceOrientationLandscapeLeft UIInterfaceOrientationLandscapeRight";
				LD_RUNPATH_SEARCH_PATHS = (
					"$(inherited)",
					"@executable_path/Frameworks",
				);
				MARKETING_VERSION = 1.0;
				PRODUCT_BUNDLE_IDENTIFIER = dev.kkkkkksssssaaaa.calculator;
				PRODUCT_NAME = "$(TARGET_NAME)";
				SWIFT_EMIT_LOC_STRINGS = YES;
				SWIFT_VERSION = 5.0;
				TARGETED_DEVICE_FAMILY = "1,2";
			};
			name = Debug;
		};
		DECBE19C2C6F9964002ECCAB /* Release */ = {
			isa = XCBuildConfiguration;
			buildSettings = {
				ASSETCATALOG_COMPILER_APPICON_NAME = AppIcon;
				ASSETCATALOG_COMPILER_GLOBAL_ACCENT_COLOR_NAME = AccentColor;
				CODE_SIGN_STYLE = Automatic;
				CURRENT_PROJECT_VERSION = 1;
				DEVELOPMENT_ASSET_PATHS = "\"calculator/Preview Content\"";
				DEVELOPMENT_TEAM = 8VL78N69ZX;
				ENABLE_PREVIEWS = YES;
				GENERATE_INFOPLIST_FILE = YES;
				INFOPLIST_KEY_UIApplicationSceneManifest_Generation = YES;
				INFOPLIST_KEY_UIApplicationSupportsIndirectInputEvents = YES;
				INFOPLIST_KEY_UILaunchScreen_Generation = YES;
				INFOPLIST_KEY_UISupportedInterfaceOrientations_iPad = "UIInterfaceOrientationPortrait UIInterfaceOrientationPortraitUpsideDown UIInterfaceOrientationLandscapeLeft UIInterfaceOrientationLandscapeRight";
				INFOPLIST_KEY_UISupportedInterfaceOrientations_iPhone = "UIInterfaceOrientationPortrait UIInterfaceOrientationLandscapeLeft UIInterfaceOrientationLandscapeRight";
				LD_RUNPATH_SEARCH_PATHS = (
					"$(inherited)",
					"@executable_path/Frameworks",
				);
				MARKETING_VERSION = 1.0;
				PRODUCT_BUNDLE_IDENTIFIER = dev.kkkkkksssssaaaa.calculator;
				PRODUCT_NAME = "$(TARGET_NAME)";
				SWIFT_EMIT_LOC_STRINGS = YES;
				SWIFT_VERSION = 5.0;
				TARGETED_DEVICE_FAMILY = "1,2";
			};
			name = Release;
		};
		DECBE19E2C6F9964002ECCAB /* Debug */ = {
			isa = XCBuildConfiguration;
			buildSettings = {
				ALWAYS_EMBED_SWIFT_STANDARD_LIBRARIES = YES;
				BUNDLE_LOADER = "$(TEST_HOST)";
				CODE_SIGN_STYLE = Automatic;
				CURRENT_PROJECT_VERSION = 1;
				DEVELOPMENT_TEAM = 8VL78N69ZX;
				GENERATE_INFOPLIST_FILE = YES;
				IPHONEOS_DEPLOYMENT_TARGET = 17.5;
				MARKETING_VERSION = 1.0;
				PRODUCT_BUNDLE_IDENTIFIER = dev.kkkkkksssssaaaa.calculatorTests;
				PRODUCT_NAME = "$(TARGET_NAME)";
				SWIFT_EMIT_LOC_STRINGS = NO;
				SWIFT_VERSION = 5.0;
				TARGETED_DEVICE_FAMILY = "1,2";
				TEST_HOST = "$(BUILT_PRODUCTS_DIR)/calculator.app/$(BUNDLE_EXECUTABLE_FOLDER_PATH)/calculator";
			};
			name = Debug;
		};
		DECBE19F2C6F9964002ECCAB /* Release */ = {
			isa = XCBuildConfiguration;
			buildSettings = {
				ALWAYS_EMBED_SWIFT_STANDARD_LIBRARIES = YES;
				BUNDLE_LOADER = "$(TEST_HOST)";
				CODE_SIGN_STYLE = Automatic;
				CURRENT_PROJECT_VERSION = 1;
				DEVELOPMENT_TEAM = 8VL78N69ZX;
				GENERATE_INFOPLIST_FILE = YES;
				IPHONEOS_DEPLOYMENT_TARGET = 17.5;
				MARKETING_VERSION = 1.0;
				PRODUCT_BUNDLE_IDENTIFIER = dev.kkkkkksssssaaaa.calculatorTests;
				PRODUCT_NAME = "$(TARGET_NAME)";
				SWIFT_EMIT_LOC_STRINGS = NO;
				SWIFT_VERSION = 5.0;
				TARGETED_DEVICE_FAMILY = "1,2";
				TEST_HOST = "$(BUILT_PRODUCTS_DIR)/calculator.app/$(BUNDLE_EXECUTABLE_FOLDER_PATH)/calculator";
			};
			name = Release;
		};
		DECBE1A12C6F9964002ECCAB /* Debug */ = {
			isa = XCBuildConfiguration;
			buildSettings = {
				ALWAYS_EMBED_SWIFT_STANDARD_LIBRARIES = YES;
				CODE_SIGN_STYLE = Automatic;
				CURRENT_PROJECT_VERSION = 1;
				DEVELOPMENT_TEAM = 8VL78N69ZX;
				GENERATE_INFOPLIST_FILE = YES;
				MARKETING_VERSION = 1.0;
				PRODUCT_BUNDLE_IDENTIFIER = dev.kkkkkksssssaaaa.calculatorUITests;
				PRODUCT_NAME = "$(TARGET_NAME)";
				SWIFT_EMIT_LOC_STRINGS = NO;
				SWIFT_VERSION = 5.0;
				TARGETED_DEVICE_FAMILY = "1,2";
				TEST_TARGET_NAME = calculator;
			};
			name = Debug;
		};
		DECBE1A22C6F9964002ECCAB /* Release */ = {
			isa = XCBuildConfiguration;
			buildSettings = {
				ALWAYS_EMBED_SWIFT_STANDARD_LIBRARIES = YES;
				CODE_SIGN_STYLE = Automatic;
				CURRENT_PROJECT_VERSION = 1;
				DEVELOPMENT_TEAM = 8VL78N69ZX;
				GENERATE_INFOPLIST_FILE = YES;
				MARKETING_VERSION = 1.0;
				PRODUCT_BUNDLE_IDENTIFIER = dev.kkkkkksssssaaaa.calculatorUITests;
				PRODUCT_NAME = "$(TARGET_NAME)";
				SWIFT_EMIT_LOC_STRINGS = NO;
				SWIFT_VERSION = 5.0;
				TARGETED_DEVICE_FAMILY = "1,2";
				TEST_TARGET_NAME = calculator;
			};
			name = Release;
		};
/* End XCBuildConfiguration section */

/* Begin XCConfigurationList section */
		DECBE1712C6F9963002ECCAB /* Build configuration list for PBXProject "calculator" */ = {
			isa = XCConfigurationList;
			buildConfigurations = (
				DECBE1982C6F9964002ECCAB /* Debug */,
				DECBE1992C6F9964002ECCAB /* Release */,
			);
			defaultConfigurationIsVisible = 0;
			defaultConfigurationName = Release;
		};
		DECBE19A2C6F9964002ECCAB /* Build configuration list for PBXNativeTarget "calculator" */ = {
			isa = XCConfigurationList;
			buildConfigurations = (
				DECBE19B2C6F9964002ECCAB /* Debug */,
				DECBE19C2C6F9964002ECCAB /* Release */,
			);
			defaultConfigurationIsVisible = 0;
			defaultConfigurationName = Release;
		};
		DECBE19D2C6F9964002ECCAB /* Build configuration list for PBXNativeTarget "calculatorTests" */ = {
			isa = XCConfigurationList;
			buildConfigurations = (
				DECBE19E2C6F9964002ECCAB /* Debug */,
				DECBE19F2C6F9964002ECCAB /* Release */,
			);
			defaultConfigurationIsVisible = 0;
			defaultConfigurationName = Release;
		};
		DECBE1A02C6F9964002ECCAB /* Build configuration list for PBXNativeTarget "calculatorUITests" */ = {
			isa = XCConfigurationList;
			buildConfigurations = (
				DECBE1A12C6F9964002ECCAB /* Debug */,
				DECBE1A22C6F9964002ECCAB /* Release */,
			);
			defaultConfigurationIsVisible = 0;
			defaultConfigurationName = Release;
		};
/* End XCConfigurationList section */
	};
	rootObject = DECBE16E2C6F9963002ECCAB /* Project object */;
}
